{
  "projects": [
    {
      "projectId": "9LhnBWx7GdPG233uB4TumX",
      "version": "1.0.0",
      "dependencies": {},
      "lang": "ts",
      "fileLocks": [
        {
          "type": "globalVariant",
          "assetId": "RM9ToBdRzdMK",
          "checksum": "d2e0bd4e430134c00739924ce34e9e93"
        },
        {
          "type": "renderModule",
          "assetId": "0XDqJ1oiCOZ",
          "checksum": "6dc66cf972360a762dee335429357813"
        },
        {
          "type": "cssRules",
          "assetId": "0XDqJ1oiCOZ",
          "checksum": "6dc66cf972360a762dee335429357813"
        },
        {
          "type": "renderModule",
          "assetId": "xkS9mR7fDWi",
          "checksum": "4078f985c54fefcc48cc9d406ab31559"
        },
        {
          "type": "cssRules",
          "assetId": "xkS9mR7fDWi",
          "checksum": "4078f985c54fefcc48cc9d406ab31559"
        },
        {
          "type": "renderModule",
          "assetId": "l68XploTi1A",
          "checksum": "c59a095ceca96dbae30a1aa2f36003d4"
        },
        {
          "type": "cssRules",
          "assetId": "l68XploTi1A",
          "checksum": "c59a095ceca96dbae30a1aa2f36003d4"
        },
        {
          "type": "renderModule",
          "assetId": "COI3McZpmS4",
          "checksum": "90121b7d6faeec0c11e84f3246931f01"
        },
        {
          "type": "cssRules",
          "assetId": "COI3McZpmS4",
          "checksum": "90121b7d6faeec0c11e84f3246931f01"
        },
        {
          "type": "renderModule",
          "assetId": "wY5rBdTEFQJ",
          "checksum": "2a4c90e51d966371a7809d59dd7f2b9e"
        },
        {
          "type": "cssRules",
          "assetId": "wY5rBdTEFQJ",
          "checksum": "2a4c90e51d966371a7809d59dd7f2b9e"
        },
        {
          "type": "renderModule",
          "assetId": "mHGRvwM2tjf",
          "checksum": "7c9ffed8120b38a03b2697ab2236e3e3"
        },
        {
          "type": "cssRules",
          "assetId": "mHGRvwM2tjf",
          "checksum": "7c9ffed8120b38a03b2697ab2236e3e3"
        },
        {
          "type": "renderModule",
          "assetId": "GbBnrkQJ_c",
          "checksum": "ab58e077cfaae0725f2bd558f5255b07"
        },
        {
          "type": "cssRules",
          "assetId": "GbBnrkQJ_c",
          "checksum": "ab58e077cfaae0725f2bd558f5255b07"
        },
        {
          "type": "icon",
          "assetId": "dq2KdcO1DTL",
          "checksum": "0af5094e85fec9283b686854c763b27d"
        },
        {
          "type": "icon",
          "assetId": "rEywkQYZhwu",
          "checksum": "9b8260c8a7eb69f93587bea55fd707f1"
        },
        {
          "type": "icon",
          "assetId": "JZYQGpMfqnR",
          "checksum": "7fb5f0c84b00175d70e82e3a504a69d4"
        },
        {
          "type": "icon",
          "assetId": "b9D35SWFwhj",
          "checksum": "efc42fc437954e1a0ae1c7237168713c"
        },
        {
          "type": "image",
          "assetId": "QI-jJjiM6",
          "checksum": "10fb5d9be265f2781077bffa13704a42"
        },
        {
          "type": "image",
          "assetId": "xElltLT3E",
          "checksum": "7dcbfcfd66d096c71980ba7a82c296b1"
        },
        {
          "assetId": "9LhnBWx7GdPG233uB4TumX",
          "type": "projectCss",
          "checksum": "a28227896ef382b020c3edef453a9634"
        }
      ],
      "codegenVersion": "0.0.1"
    }
  ],
  "cliVersion": "0.1.330"
}
